
Microsoft Visual Studio Solution File, Format Version 12.00
# Visual Studio Version 17
VisualStudioVersion = 17.8.34330.188
MinimumVisualStudioVersion = 10.0.40219.1
Project("{9A19103F-16F7-4668-BE54-9A1E7A4F7556}") = "HabitTrackerWeb", "HabitTrackerWeb\HabitTrackerWeb.csproj", "{8C350013-6F40-44E9-A07E-A3CD67B2BB34}"
EndProject
Project("{9A19103F-16F7-4668-BE54-9A1E7A4F7556}") = "HabitTracker.Models", "HabitTracker.Models\HabitTracker.Models.csproj", "{65DA17D9-640A-431E-9CFC-E28CC045B668}"
EndProject
Project("{9A19103F-16F7-4668-BE54-9A1E7A4F7556}") = "HabitTracker.DataAccess", "HabitTracker.DataAccess\HabitTracker.DataAccess.csproj", "{8F3AA828-42DC-4935-90BA-E2E51FD0425C}"
EndProject
Global
	GlobalSection(SolutionConfigurationPlatforms) = preSolution
		Debug|Any CPU = Debug|Any CPU
		Release|Any CPU = Release|Any CPU
	EndGlobalSection
	GlobalSection(ProjectConfigurationPlatforms) = postSolution
		{8C350013-6F40-44E9-A07E-A3CD67B2BB34}.Debug|Any CPU.ActiveCfg = Debug|Any CPU
		{8C350013-6F40-44E9-A07E-A3CD67B2BB34}.Debug|Any CPU.Build.0 = Debug|Any CPU
		{8C350013-6F40-44E9-A07E-A3CD67B2BB34}.Release|Any CPU.ActiveCfg = Release|Any CPU
		{8C350013-6F40-44E9-A07E-A3CD67B2BB34}.Release|Any CPU.Build.0 = Release|Any CPU
		{65DA17D9-640A-431E-9CFC-E28CC045B668}.Debug|Any CPU.ActiveCfg = Debug|Any CPU
		{65DA17D9-640A-431E-9CFC-E28CC045B668}.Debug|Any CPU.Build.0 = Debug|Any CPU
		{65DA17D9-640A-431E-9CFC-E28CC045B668}.Release|Any CPU.ActiveCfg = Release|Any CPU
		{65DA17D9-640A-431E-9CFC-E28CC045B668}.Release|Any CPU.Build.0 = Release|Any CPU
		{8F3AA828-42DC-4935-90BA-E2E51FD0425C}.Debug|Any CPU.ActiveCfg = Debug|Any CPU
		{8F3AA828-42DC-4935-90BA-E2E51FD0425C}.Debug|Any CPU.Build.0 = Debug|Any CPU
		{8F3AA828-42DC-4935-90BA-E2E51FD0425C}.Release|Any CPU.ActiveCfg = Release|Any CPU
		{8F3AA828-42DC-4935-90BA-E2E51FD0425C}.Release|Any CPU.Build.0 = Release|Any CPU
	EndGlobalSection
	GlobalSection(SolutionProperties) = preSolution
		HideSolutionNode = FALSE
	EndGlobalSection
	GlobalSection(ExtensibilityGlobals) = postSolution
		SolutionGuid = {77C578E2-4718-4965-9087-9704937D6A48}
	EndGlobalSection
EndGlobal
